
Microsoft Visual Studio Solution File, Format Version 12.00
# Visual Studio Version 17
VisualStudioVersion = 17.13.35931.197
MinimumVisualStudioVersion = 10.0.40219.1
Project("{2150E333-8FDC-42A3-9474-1A3956D46DE8}") = "src", "src", "{827E0CD3-B72D-47B6-A68D-7590B98EB39B}"
EndProject
Project("{FAE04EC0-301F-11D3-BF4B-00C04F79EFBC}") = "FitCity.Domain", "src\FitCity.Domain\FitCity.Domain.csproj", "{59560E76-0BE0-4D91-AF6A-57E9F808D525}"
EndProject
Project("{FAE04EC0-301F-11D3-BF4B-00C04F79EFBC}") = "FitCity.Infrastructure", "src\FitCity.Infrastructure\FitCity.Infrastructure.csproj", "{52B41E6D-D257-4C44-B26D-7C707ACCD7CE}"
EndProject
Project("{FAE04EC0-301F-11D3-BF4B-00C04F79EFBC}") = "FitCity.Application", "src\FitCity.Application\FitCity.Application.csproj", "{A6845014-1285-4081-BA11-A3A856DEDB9D}"
EndProject
Project("{FAE04EC0-301F-11D3-BF4B-00C04F79EFBC}") = "FitCity.Api", "src\FitCity.Api\FitCity.Api.csproj", "{7FC323B5-47E1-4D7C-B5B7-702C1A2024D0}"
EndProject
Project("{FAE04EC0-301F-11D3-BF4B-00C04F79EFBC}") = "FitCity.Notifications.Api", "src\FitCity.Notifications.Api\FitCity.Notifications.Api.csproj", "{6E9439D4-C989-4C29-BB85-DDA57EC1EEDB}"
EndProject
Project("{2150E333-8FDC-42A3-9474-1A3956D46DE8}") = "tests", "tests", "{0AB3BF05-4346-4AA6-1389-037BE0695223}"
EndProject
Project("{FAE04EC0-301F-11D3-BF4B-00C04F79EFBC}") = "FitCity.Application.Tests", "tests\FitCity.Application.Tests\FitCity.Application.Tests.csproj", "{A4835914-3A64-4652-8263-5C3843E7F585}"
EndProject
Global
	GlobalSection(SolutionConfigurationPlatforms) = preSolution
		Debug|Any CPU = Debug|Any CPU
		Debug|x64 = Debug|x64
		Debug|x86 = Debug|x86
		Release|Any CPU = Release|Any CPU
		Release|x64 = Release|x64
		Release|x86 = Release|x86
	EndGlobalSection
	GlobalSection(ProjectConfigurationPlatforms) = postSolution
		{59560E76-0BE0-4D91-AF6A-57E9F808D525}.Debug|Any CPU.ActiveCfg = Debug|Any CPU
		{59560E76-0BE0-4D91-AF6A-57E9F808D525}.Debug|Any CPU.Build.0 = Debug|Any CPU
		{59560E76-0BE0-4D91-AF6A-57E9F808D525}.Debug|x64.ActiveCfg = Debug|Any CPU
		{59560E76-0BE0-4D91-AF6A-57E9F808D525}.Debug|x64.Build.0 = Debug|Any CPU
		{59560E76-0BE0-4D91-AF6A-57E9F808D525}.Debug|x86.ActiveCfg = Debug|Any CPU
		{59560E76-0BE0-4D91-AF6A-57E9F808D525}.Debug|x86.Build.0 = Debug|Any CPU
		{59560E76-0BE0-4D91-AF6A-57E9F808D525}.Release|Any CPU.ActiveCfg = Release|Any CPU
		{59560E76-0BE0-4D91-AF6A-57E9F808D525}.Release|Any CPU.Build.0 = Release|Any CPU
		{59560E76-0BE0-4D91-AF6A-57E9F808D525}.Release|x64.ActiveCfg = Release|Any CPU
		{59560E76-0BE0-4D91-AF6A-57E9F808D525}.Release|x64.Build.0 = Release|Any CPU
		{59560E76-0BE0-4D91-AF6A-57E9F808D525}.Release|x86.ActiveCfg = Release|Any CPU
		{59560E76-0BE0-4D91-AF6A-57E9F808D525}.Release|x86.Build.0 = Release|Any CPU
		{52B41E6D-D257-4C44-B26D-7C707ACCD7CE}.Debug|Any CPU.ActiveCfg = Debug|Any CPU
		{52B41E6D-D257-4C44-B26D-7C707ACCD7CE}.Debug|Any CPU.Build.0 = Debug|Any CPU
		{52B41E6D-D257-4C44-B26D-7C707ACCD7CE}.Debug|x64.ActiveCfg = Debug|Any CPU
		{52B41E6D-D257-4C44-B26D-7C707ACCD7CE}.Debug|x64.Build.0 = Debug|Any CPU
		{52B41E6D-D257-4C44-B26D-7C707ACCD7CE}.Debug|x86.ActiveCfg = Debug|Any CPU
		{52B41E6D-D257-4C44-B26D-7C707ACCD7CE}.Debug|x86.Build.0 = Debug|Any CPU
		{52B41E6D-D257-4C44-B26D-7C707ACCD7CE}.Release|Any CPU.ActiveCfg = Release|Any CPU
		{52B41E6D-D257-4C44-B26D-7C707ACCD7CE}.Release|Any CPU.Build.0 = Release|Any CPU
		{52B41E6D-D257-4C44-B26D-7C707ACCD7CE}.Release|x64.ActiveCfg = Release|Any CPU
		{52B41E6D-D257-4C44-B26D-7C707ACCD7CE}.Release|x64.Build.0 = Release|Any CPU
		{52B41E6D-D257-4C44-B26D-7C707ACCD7CE}.Release|x86.ActiveCfg = Release|Any CPU
		{52B41E6D-D257-4C44-B26D-7C707ACCD7CE}.Release|x86.Build.0 = Release|Any CPU
		{A6845014-1285-4081-BA11-A3A856DEDB9D}.Debug|Any CPU.ActiveCfg = Debug|Any CPU
		{A6845014-1285-4081-BA11-A3A856DEDB9D}.Debug|Any CPU.Build.0 = Debug|Any CPU
		{A6845014-1285-4081-BA11-A3A856DEDB9D}.Debug|x64.ActiveCfg = Debug|Any CPU
		{A6845014-1285-4081-BA11-A3A856DEDB9D}.Debug|x64.Build.0 = Debug|Any CPU
		{A6845014-1285-4081-BA11-A3A856DEDB9D}.Debug|x86.ActiveCfg = Debug|Any CPU
		{A6845014-1285-4081-BA11-A3A856DEDB9D}.Debug|x86.Build.0 = Debug|Any CPU
		{A6845014-1285-4081-BA11-A3A856DEDB9D}.Release|Any CPU.ActiveCfg = Release|Any CPU
		{A6845014-1285-4081-BA11-A3A856DEDB9D}.Release|Any CPU.Build.0 = Release|Any CPU
		{A6845014-1285-4081-BA11-A3A856DEDB9D}.Release|x64.ActiveCfg = Release|Any CPU
		{A6845014-1285-4081-BA11-A3A856DEDB9D}.Release|x64.Build.0 = Release|Any CPU
		{A6845014-1285-4081-BA11-A3A856DEDB9D}.Release|x86.ActiveCfg = Release|Any CPU
		{A6845014-1285-4081-BA11-A3A856DEDB9D}.Release|x86.Build.0 = Release|Any CPU
		{7FC323B5-47E1-4D7C-B5B7-702C1A2024D0}.Debug|Any CPU.ActiveCfg = Debug|Any CPU
		{7FC323B5-47E1-4D7C-B5B7-702C1A2024D0}.Debug|Any CPU.Build.0 = Debug|Any CPU
		{7FC323B5-47E1-4D7C-B5B7-702C1A2024D0}.Debug|x64.ActiveCfg = Debug|Any CPU
		{7FC323B5-47E1-4D7C-B5B7-702C1A2024D0}.Debug|x64.Build.0 = Debug|Any CPU
		{7FC323B5-47E1-4D7C-B5B7-702C1A2024D0}.Debug|x86.ActiveCfg = Debug|Any CPU
		{7FC323B5-47E1-4D7C-B5B7-702C1A2024D0}.Debug|x86.Build.0 = Debug|Any CPU
		{7FC323B5-47E1-4D7C-B5B7-702C1A2024D0}.Release|Any CPU.ActiveCfg = Release|Any CPU
		{7FC323B5-47E1-4D7C-B5B7-702C1A2024D0}.Release|Any CPU.Build.0 = Release|Any CPU
		{7FC323B5-47E1-4D7C-B5B7-702C1A2024D0}.Release|x64.ActiveCfg = Release|Any CPU
		{7FC323B5-47E1-4D7C-B5B7-702C1A2024D0}.Release|x64.Build.0 = Release|Any CPU
		{7FC323B5-47E1-4D7C-B5B7-702C1A2024D0}.Release|x86.ActiveCfg = Release|Any CPU
		{7FC323B5-47E1-4D7C-B5B7-702C1A2024D0}.Release|x86.Build.0 = Release|Any CPU
		{6E9439D4-C989-4C29-BB85-DDA57EC1EEDB}.Debug|Any CPU.ActiveCfg = Debug|Any CPU
		{6E9439D4-C989-4C29-BB85-DDA57EC1EEDB}.Debug|Any CPU.Build.0 = Debug|Any CPU
		{6E9439D4-C989-4C29-BB85-DDA57EC1EEDB}.Debug|x64.ActiveCfg = Debug|Any CPU
		{6E9439D4-C989-4C29-BB85-DDA57EC1EEDB}.Debug|x64.Build.0 = Debug|Any CPU
		{6E9439D4-C989-4C29-BB85-DDA57EC1EEDB}.Debug|x86.ActiveCfg = Debug|Any CPU
		{6E9439D4-C989-4C29-BB85-DDA57EC1EEDB}.Debug|x86.Build.0 = Debug|Any CPU
		{6E9439D4-C989-4C29-BB85-DDA57EC1EEDB}.Release|Any CPU.ActiveCfg = Release|Any CPU
		{6E9439D4-C989-4C29-BB85-DDA57EC1EEDB}.Release|Any CPU.Build.0 = Release|Any CPU
		{6E9439D4-C989-4C29-BB85-DDA57EC1EEDB}.Release|x64.ActiveCfg = Release|Any CPU
		{6E9439D4-C989-4C29-BB85-DDA57EC1EEDB}.Release|x64.Build.0 = Release|Any CPU
		{6E9439D4-C989-4C29-BB85-DDA57EC1EEDB}.Release|x86.ActiveCfg = Release|Any CPU
		{6E9439D4-C989-4C29-BB85-DDA57EC1EEDB}.Release|x86.Build.0 = Release|Any CPU
		{A4835914-3A64-4652-8263-5C3843E7F585}.Debug|Any CPU.ActiveCfg = Debug|Any CPU
		{A4835914-3A64-4652-8263-5C3843E7F585}.Debug|Any CPU.Build.0 = Debug|Any CPU
		{A4835914-3A64-4652-8263-5C3843E7F585}.Debug|x64.ActiveCfg = Debug|Any CPU
		{A4835914-3A64-4652-8263-5C3843E7F585}.Debug|x64.Build.0 = Debug|Any CPU
		{A4835914-3A64-4652-8263-5C3843E7F585}.Debug|x86.ActiveCfg = Debug|Any CPU
		{A4835914-3A64-4652-8263-5C3843E7F585}.Debug|x86.Build.0 = Debug|Any CPU
		{A4835914-3A64-4652-8263-5C3843E7F585}.Release|Any CPU.ActiveCfg = Release|Any CPU
		{A4835914-3A64-4652-8263-5C3843E7F585}.Release|Any CPU.Build.0 = Release|Any CPU
		{A4835914-3A64-4652-8263-5C3843E7F585}.Release|x64.ActiveCfg = Release|Any CPU
		{A4835914-3A64-4652-8263-5C3843E7F585}.Release|x64.Build.0 = Release|Any CPU
		{A4835914-3A64-4652-8263-5C3843E7F585}.Release|x86.ActiveCfg = Release|Any CPU
		{A4835914-3A64-4652-8263-5C3843E7F585}.Release|x86.Build.0 = Release|Any CPU
	EndGlobalSection
	GlobalSection(SolutionProperties) = preSolution
		HideSolutionNode = FALSE
	EndGlobalSection
	GlobalSection(NestedProjects) = preSolution
		{59560E76-0BE0-4D91-AF6A-57E9F808D525} = {827E0CD3-B72D-47B6-A68D-7590B98EB39B}
		{52B41E6D-D257-4C44-B26D-7C707ACCD7CE} = {827E0CD3-B72D-47B6-A68D-7590B98EB39B}
		{A6845014-1285-4081-BA11-A3A856DEDB9D} = {827E0CD3-B72D-47B6-A68D-7590B98EB39B}
		{7FC323B5-47E1-4D7C-B5B7-702C1A2024D0} = {827E0CD3-B72D-47B6-A68D-7590B98EB39B}
		{6E9439D4-C989-4C29-BB85-DDA57EC1EEDB} = {827E0CD3-B72D-47B6-A68D-7590B98EB39B}
		{A4835914-3A64-4652-8263-5C3843E7F585} = {0AB3BF05-4346-4AA6-1389-037BE0695223}
	EndGlobalSection
	GlobalSection(ExtensibilityGlobals) = postSolution
		SolutionGuid = {A0C334EE-D1A9-4E99-9280-1DDDF679E499}
	EndGlobalSection
EndGlobal
